
Microsoft Visual Studio Solution File, Format Version 12.00
# Visual Studio 2012
Project("{FAE04EC0-301F-11D3-BF4B-00C04F79EFBC}") = "BusinessTemplateFullPage", "BusinessTemplateFullPage\BusinessTemplateFullPage.csproj", "{87F61958-EDEF-4108-8EFA-A81BF1BB4729}"
EndProject
Project("{2150E333-8FDC-42A3-9474-1A3956D46DE8}") = "WEB", "WEB", "{1F79E7D8-E4C1-4370-A968-5D2EA076E07B}"
EndProject
Global
	GlobalSection(SolutionConfigurationPlatforms) = preSolution
		Debug|Any CPU = Debug|Any CPU
		Release|Any CPU = Release|Any CPU
	EndGlobalSection
	GlobalSection(ProjectConfigurationPlatforms) = postSolution
		{87F61958-EDEF-4108-8EFA-A81BF1BB4729}.Debug|Any CPU.ActiveCfg = Debug|Any CPU
		{87F61958-EDEF-4108-8EFA-A81BF1BB4729}.Debug|Any CPU.Build.0 = Debug|Any CPU
		{87F61958-EDEF-4108-8EFA-A81BF1BB4729}.Release|Any CPU.ActiveCfg = Release|Any CPU
		{87F61958-EDEF-4108-8EFA-A81BF1BB4729}.Release|Any CPU.Build.0 = Release|Any CPU
	EndGlobalSection
	GlobalSection(SolutionProperties) = preSolution
		HideSolutionNode = FALSE
	EndGlobalSection
	GlobalSection(NestedProjects) = preSolution
		{87F61958-EDEF-4108-8EFA-A81BF1BB4729} = {1F79E7D8-E4C1-4370-A968-5D2EA076E07B}
	EndGlobalSection
EndGlobal
